
Microsoft Visual Studio Solution File, Format Version 12.00
# Visual Studio Version 17
VisualStudioVersion = 17.0.31912.275
MinimumVisualStudioVersion = 10.0.40219.1
Project("{8BC9CEB8-8B4A-11D0-8D11-00A0C91BC942}") = "Windows X64 Process Injection with DLL", "Windows X64 Process Injection with DLL\Windows X64 Process Injection with DLL.vcxproj", "{D37DD28A-0B4C-4A51-9B4D-87E1ECE5FBC8}"
EndProject
Global
	GlobalSection(SolutionConfigurationPlatforms) = preSolution
		Debug|x64 = Debug|x64
		Debug|x86 = Debug|x86
		Release|x64 = Release|x64
		Release|x86 = Release|x86
	EndGlobalSection
	GlobalSection(ProjectConfigurationPlatforms) = postSolution
		{D37DD28A-0B4C-4A51-9B4D-87E1ECE5FBC8}.Debug|x64.ActiveCfg = Debug|x64
		{D37DD28A-0B4C-4A51-9B4D-87E1ECE5FBC8}.Debug|x64.Build.0 = Debug|x64
		{D37DD28A-0B4C-4A51-9B4D-87E1ECE5FBC8}.Debug|x86.ActiveCfg = Debug|Win32
		{D37DD28A-0B4C-4A51-9B4D-87E1ECE5FBC8}.Debug|x86.Build.0 = Debug|Win32
		{D37DD28A-0B4C-4A51-9B4D-87E1ECE5FBC8}.Release|x64.ActiveCfg = Release|x64
		{D37DD28A-0B4C-4A51-9B4D-87E1ECE5FBC8}.Release|x64.Build.0 = Release|x64
		{D37DD28A-0B4C-4A51-9B4D-87E1ECE5FBC8}.Release|x86.ActiveCfg = Release|Win32
		{D37DD28A-0B4C-4A51-9B4D-87E1ECE5FBC8}.Release|x86.Build.0 = Release|Win32
	EndGlobalSection
	GlobalSection(SolutionProperties) = preSolution
		HideSolutionNode = FALSE
	EndGlobalSection
	GlobalSection(ExtensibilityGlobals) = postSolution
		SolutionGuid = {60EB25EA-33A5-499B-A3C4-75A1DE43C408}
	EndGlobalSection
EndGlobal
